
Microsoft Visual Studio Solution File, Format Version 12.00
# Visual Studio Version 17
VisualStudioVersion = 17.0.31903.59
MinimumVisualStudioVersion = 10.0.40219.1
Project("{FAE04EC0-301F-11D3-BF4B-00C04F79EFBC}") = "Exercise_1", "Exercise_1\Exercise_1.csproj", "{FAA0682A-D18F-487A-BD7E-DDA06EE26F97}"
EndProject
Project("{FAE04EC0-301F-11D3-BF4B-00C04F79EFBC}") = "Exercise_2", "Exercise_2\Exercise_2.csproj", "{4924D97C-E034-4773-828D-FA4DAA180612}"
EndProject
Project("{FAE04EC0-301F-11D3-BF4B-00C04F79EFBC}") = "Exercise_3", "Exercise_3\Exercise_3.csproj", "{784FBEDA-14B6-4333-9AF2-0D2B566D9228}"
EndProject
Global
	GlobalSection(SolutionConfigurationPlatforms) = preSolution
		Debug|Any CPU = Debug|Any CPU
		Debug|x64 = Debug|x64
		Debug|x86 = Debug|x86
		Release|Any CPU = Release|Any CPU
		Release|x64 = Release|x64
		Release|x86 = Release|x86
	EndGlobalSection
	GlobalSection(ProjectConfigurationPlatforms) = postSolution
		{FAA0682A-D18F-487A-BD7E-DDA06EE26F97}.Debug|Any CPU.ActiveCfg = Debug|Any CPU
		{FAA0682A-D18F-487A-BD7E-DDA06EE26F97}.Debug|Any CPU.Build.0 = Debug|Any CPU
		{FAA0682A-D18F-487A-BD7E-DDA06EE26F97}.Debug|x64.ActiveCfg = Debug|Any CPU
		{FAA0682A-D18F-487A-BD7E-DDA06EE26F97}.Debug|x64.Build.0 = Debug|Any CPU
		{FAA0682A-D18F-487A-BD7E-DDA06EE26F97}.Debug|x86.ActiveCfg = Debug|Any CPU
		{FAA0682A-D18F-487A-BD7E-DDA06EE26F97}.Debug|x86.Build.0 = Debug|Any CPU
		{FAA0682A-D18F-487A-BD7E-DDA06EE26F97}.Release|Any CPU.ActiveCfg = Release|Any CPU
		{FAA0682A-D18F-487A-BD7E-DDA06EE26F97}.Release|Any CPU.Build.0 = Release|Any CPU
		{FAA0682A-D18F-487A-BD7E-DDA06EE26F97}.Release|x64.ActiveCfg = Release|Any CPU
		{FAA0682A-D18F-487A-BD7E-DDA06EE26F97}.Release|x64.Build.0 = Release|Any CPU
		{FAA0682A-D18F-487A-BD7E-DDA06EE26F97}.Release|x86.ActiveCfg = Release|Any CPU
		{FAA0682A-D18F-487A-BD7E-DDA06EE26F97}.Release|x86.Build.0 = Release|Any CPU
		{4924D97C-E034-4773-828D-FA4DAA180612}.Debug|Any CPU.ActiveCfg = Debug|Any CPU
		{4924D97C-E034-4773-828D-FA4DAA180612}.Debug|Any CPU.Build.0 = Debug|Any CPU
		{4924D97C-E034-4773-828D-FA4DAA180612}.Debug|x64.ActiveCfg = Debug|Any CPU
		{4924D97C-E034-4773-828D-FA4DAA180612}.Debug|x64.Build.0 = Debug|Any CPU
		{4924D97C-E034-4773-828D-FA4DAA180612}.Debug|x86.ActiveCfg = Debug|Any CPU
		{4924D97C-E034-4773-828D-FA4DAA180612}.Debug|x86.Build.0 = Debug|Any CPU
		{4924D97C-E034-4773-828D-FA4DAA180612}.Release|Any CPU.ActiveCfg = Release|Any CPU
		{4924D97C-E034-4773-828D-FA4DAA180612}.Release|Any CPU.Build.0 = Release|Any CPU
		{4924D97C-E034-4773-828D-FA4DAA180612}.Release|x64.ActiveCfg = Release|Any CPU
		{4924D97C-E034-4773-828D-FA4DAA180612}.Release|x64.Build.0 = Release|Any CPU
		{4924D97C-E034-4773-828D-FA4DAA180612}.Release|x86.ActiveCfg = Release|Any CPU
		{4924D97C-E034-4773-828D-FA4DAA180612}.Release|x86.Build.0 = Release|Any CPU
		{784FBEDA-14B6-4333-9AF2-0D2B566D9228}.Debug|Any CPU.ActiveCfg = Debug|Any CPU
		{784FBEDA-14B6-4333-9AF2-0D2B566D9228}.Debug|Any CPU.Build.0 = Debug|Any CPU
		{784FBEDA-14B6-4333-9AF2-0D2B566D9228}.Debug|x64.ActiveCfg = Debug|Any CPU
		{784FBEDA-14B6-4333-9AF2-0D2B566D9228}.Debug|x64.Build.0 = Debug|Any CPU
		{784FBEDA-14B6-4333-9AF2-0D2B566D9228}.Debug|x86.ActiveCfg = Debug|Any CPU
		{784FBEDA-14B6-4333-9AF2-0D2B566D9228}.Debug|x86.Build.0 = Debug|Any CPU
		{784FBEDA-14B6-4333-9AF2-0D2B566D9228}.Release|Any CPU.ActiveCfg = Release|Any CPU
		{784FBEDA-14B6-4333-9AF2-0D2B566D9228}.Release|Any CPU.Build.0 = Release|Any CPU
		{784FBEDA-14B6-4333-9AF2-0D2B566D9228}.Release|x64.ActiveCfg = Release|Any CPU
		{784FBEDA-14B6-4333-9AF2-0D2B566D9228}.Release|x64.Build.0 = Release|Any CPU
		{784FBEDA-14B6-4333-9AF2-0D2B566D9228}.Release|x86.ActiveCfg = Release|Any CPU
		{784FBEDA-14B6-4333-9AF2-0D2B566D9228}.Release|x86.Build.0 = Release|Any CPU
	EndGlobalSection
	GlobalSection(SolutionProperties) = preSolution
		HideSolutionNode = FALSE
	EndGlobalSection
EndGlobal
